// !$*UTF8*$!
{
	archiveVersion = 1;
	classes = {
	};
	objectVersion = 46;
	objects = {

/* Begin PBXBuildFile section */
		7E6133F21CEB55850099D545 /* AppDelegate.swift in Sources */ = {isa = PBXBuildFile; fileRef = 7E6133F11CEB55850099D545 /* AppDelegate.swift */; };
		7E6133F41CEB55850099D545 /* ViewController.swift in Sources */ = {isa = PBXBuildFile; fileRef = 7E6133F31CEB55850099D545 /* ViewController.swift */; };
		7E6133F71CEB55850099D545 /* Main.storyboard in Resources */ = {isa = PBXBuildFile; fileRef = 7E6133F51CEB55850099D545 /* Main.storyboard */; };
		7E6133F91CEB55850099D545 /* Assets.xcassets in Resources */ = {isa = PBXBuildFile; fileRef = 7E6133F81CEB55850099D545 /* Assets.xcassets */; };
		7E6133FC1CEB55850099D545 /* LaunchScreen.storyboard in Resources */ = {isa = PBXBuildFile; fileRef = 7E6133FA1CEB55850099D545 /* LaunchScreen.storyboard */; };
		7E6134071CEB55850099D545 /* GPS2Tests.swift in Sources */ = {isa = PBXBuildFile; fileRef = 7E6134061CEB55850099D545 /* GPS2Tests.swift */; };
		7E6134121CEB55850099D545 /* GPS2UITests.swift in Sources */ = {isa = PBXBuildFile; fileRef = 7E6134111CEB55850099D545 /* GPS2UITests.swift */; };
		7E6134641CEB5B1E0099D545 /* MySQL.framework in Frameworks */ = {isa = PBXBuildFile; fileRef = 7E6134631CEB5B1E0099D545 /* MySQL.framework */; };
/* End PBXBuildFile section */

/* Begin PBXContainerItemProxy section */
		7E6134031CEB55850099D545 /* PBXContainerItemProxy */ = {
			isa = PBXContainerItemProxy;
			containerPortal = 7E6133E61CEB55850099D545 /* Project object */;
			proxyType = 1;
			remoteGlobalIDString = 7E6133ED1CEB55850099D545;
			remoteInfo = GPS2;
		};
		7E61340E1CEB55850099D545 /* PBXContainerItemProxy */ = {
			isa = PBXContainerItemProxy;
			containerPortal = 7E6133E61CEB55850099D545 /* Project object */;
			proxyType = 1;
			remoteGlobalIDString = 7E6133ED1CEB55850099D545;
			remoteInfo = GPS2;
		};
/* End PBXContainerItemProxy section */

/* Begin PBXFileReference section */
		7E6133EE1CEB55850099D545 /* GPS2.app */ = {isa = PBXFileReference; explicitFileType = wrapper.application; includeInIndex = 0; path = GPS2.app; sourceTree = BUILT_PRODUCTS_DIR; };
		7E6133F11CEB55850099D545 /* AppDelegate.swift */ = {isa = PBXFileReference; lastKnownFileType = sourcecode.swift; path = AppDelegate.swift; sourceTree = "<group>"; };
		7E6133F31CEB55850099D545 /* ViewController.swift */ = {isa = PBXFileReference; lastKnownFileType = sourcecode.swift; path = ViewController.swift; sourceTree = "<group>"; };
		7E6133F61CEB55850099D545 /* Base */ = {isa = PBXFileReference; lastKnownFileType = file.storyboard; name = Base; path = Base.lproj/Main.storyboard; sourceTree = "<group>"; };
		7E6133F81CEB55850099D545 /* Assets.xcassets */ = {isa = PBXFileReference; lastKnownFileType = folder.assetcatalog; path = Assets.xcassets; sourceTree = "<group>"; };
		7E6133FB1CEB55850099D545 /* Base */ = {isa = PBXFileReference; lastKnownFileType = file.storyboard; name = Base; path = Base.lproj/LaunchScreen.storyboard; sourceTree = "<group>"; };
		7E6133FD1CEB55850099D545 /* Info.plist */ = {isa = PBXFileReference; lastKnownFileType = text.plist.xml; path = Info.plist; sourceTree = "<group>"; };
		7E6134021CEB55850099D545 /* GPS2Tests.xctest */ = {isa = PBXFileReference; explicitFileType = wrapper.cfbundle; includeInIndex = 0; path = GPS2Tests.xctest; sourceTree = BUILT_PRODUCTS_DIR; };
		7E6134061CEB55850099D545 /* GPS2Tests.swift */ = {isa = PBXFileReference; lastKnownFileType = sourcecode.swift; path = GPS2Tests.swift; sourceTree = "<group>"; };
		7E6134081CEB55850099D545 /* Info.plist */ = {isa = PBXFileReference; lastKnownFileType = text.plist.xml; path = Info.plist; sourceTree = "<group>"; };
		7E61340D1CEB55850099D545 /* GPS2UITests.xctest */ = {isa = PBXFileReference; explicitFileType = wrapper.cfbundle; includeInIndex = 0; path = GPS2UITests.xctest; sourceTree = BUILT_PRODUCTS_DIR; };
		7E6134111CEB55850099D545 /* GPS2UITests.swift */ = {isa = PBXFileReference; lastKnownFileType = sourcecode.swift; path = GPS2UITests.swift; sourceTree = "<group>"; };
		7E6134131CEB55850099D545 /* Info.plist */ = {isa = PBXFileReference; lastKnownFileType = text.plist.xml; path = Info.plist; sourceTree = "<group>"; };
		7E6134631CEB5B1E0099D545 /* MySQL.framework */ = {isa = PBXFileReference; lastKnownFileType = wrapper.framework; name = MySQL.framework; path = "../../../Downloads/RandomPostExplorer-master 2/Perfect-master/Connectors/MySQL/build/Debug/MySQL.framework"; sourceTree = "<group>"; };
/* End PBXFileReference section */

/* Begin PBXFrameworksBuildPhase section */
		7E6133EB1CEB55850099D545 /* Frameworks */ = {
			isa = PBXFrameworksBuildPhase;
			buildActionMask = 2147483647;
			files = (
				7E6134641CEB5B1E0099D545 /* MySQL.framework in Frameworks */,
			);
			runOnlyForDeploymentPostprocessing = 0;
		};
		7E6133FF1CEB55850099D545 /* Frameworks */ = {
			isa = PBXFrameworksBuildPhase;
			buildActionMask = 2147483647;
			files = (
			);
			runOnlyForDeploymentPostprocessing = 0;
		};
		7E61340A1CEB55850099D545 /* Frameworks */ = {
			isa = PBXFrameworksBuildPhase;
			buildActionMask = 2147483647;
			files = (
			);
			runOnlyForDeploymentPostprocessing = 0;
		};
/* End PBXFrameworksBuildPhase section */

/* Begin PBXGroup section */
		7E6133E51CEB55850099D545 = {
			isa = PBXGroup;
			children = (
				7E6134631CEB5B1E0099D545 /* MySQL.framework */,
				7E6133F01CEB55850099D545 /* GPS2 */,
				7E6134051CEB55850099D545 /* GPS2Tests */,
				7E6134101CEB55850099D545 /* GPS2UITests */,
				7E6133EF1CEB55850099D545 /* Products */,
			);
			sourceTree = "<group>";
		};
		7E6133EF1CEB55850099D545 /* Products */ = {
			isa = PBXGroup;
			children = (
				7E6133EE1CEB55850099D545 /* GPS2.app */,
				7E6134021CEB55850099D545 /* GPS2Tests.xctest */,
				7E61340D1CEB55850099D545 /* GPS2UITests.xctest */,
			);
			name = Products;
			sourceTree = "<group>";
		};
		7E6133F01CEB55850099D545 /* GPS2 */ = {
			isa = PBXGroup;
			children = (
				7E6133F11CEB55850099D545 /* AppDelegate.swift */,
				7E6133F31CEB55850099D545 /* ViewController.swift */,
				7E6133F51CEB55850099D545 /* Main.storyboard */,
				7E6133F81CEB55850099D545 /* Assets.xcassets */,
				7E6133FA1CEB55850099D545 /* LaunchScreen.storyboard */,
				7E6133FD1CEB55850099D545 /* Info.plist */,
			);
			path = GPS2;
			sourceTree = "<group>";
		};
		7E6134051CEB55850099D545 /* GPS2Tests */ = {
			isa = PBXGroup;
			children = (
				7E6134061CEB55850099D545 /* GPS2Tests.swift */,
				7E6134081CEB55850099D545 /* Info.plist */,
			);
			path = GPS2Tests;
			sourceTree = "<group>";
		};
		7E6134101CEB55850099D545 /* GPS2UITests */ = {
			isa = PBXGroup;
			children = (
				7E6134111CEB55850099D545 /* GPS2UITests.swift */,
				7E6134131CEB55850099D545 /* Info.plist */,
			);
			path = GPS2UITests;
			sourceTree = "<group>";
		};
/* End PBXGroup section */

/* Begin PBXNativeTarget section */
		7E6133ED1CEB55850099D545 /* GPS2 */ = {
			isa = PBXNativeTarget;
			buildConfigurationList = 7E6134161CEB55850099D545 /* Build configuration list for PBXNativeTarget "GPS2" */;
			buildPhases = (
				7E6133EA1CEB55850099D545 /* Sources */,
				7E6133EB1CEB55850099D545 /* Frameworks */,
				7E6133EC1CEB55850099D545 /* Resources */,
			);
			buildRules = (
			);
			dependencies = (
			);
			name = GPS2;
			productName = GPS2;
			productReference = 7E6133EE1CEB55850099D545 /* GPS2.app */;
			productType = "com.apple.product-type.application";
		};
		7E6134011CEB55850099D545 /* GPS2Tests */ = {
			isa = PBXNativeTarget;
			buildConfigurationList = 7E6134191CEB55850099D545 /* Build configuration list for PBXNativeTarget "GPS2Tests" */;
			buildPhases = (
				7E6133FE1CEB55850099D545 /* Sources */,
				7E6133FF1CEB55850099D545 /* Frameworks */,
				7E6134001CEB55850099D545 /* Resources */,
			);
			buildRules = (
			);
			dependencies = (
				7E6134041CEB55850099D545 /* PBXTargetDependency */,
			);
			name = GPS2Tests;
			productName = GPS2Tests;
			productReference = 7E6134021CEB55850099D545 /* GPS2Tests.xctest */;
			productType = "com.apple.product-type.bundle.unit-test";
		};
		7E61340C1CEB55850099D545 /* GPS2UITests */ = {
			isa = PBXNativeTarget;
			buildConfigurationList = 7E61341C1CEB55850099D545 /* Build configuration list for PBXNativeTarget "GPS2UITests" */;
			buildPhases = (
				7E6134091CEB55850099D545 /* Sources */,
				7E61340A1CEB55850099D545 /* Frameworks */,
				7E61340B1CEB55850099D545 /* Resources */,
			);
			buildRules = (
			);
			dependencies = (
				7E61340F1CEB55850099D545 /* PBXTargetDependency */,
			);
			name = GPS2UITests;
			productName = GPS2UITests;
			productReference = 7E61340D1CEB55850099D545 /* GPS2UITests.xctest */;
			productType = "com.apple.product-type.bundle.ui-testing";
		};
/* End PBXNativeTarget section */

/* Begin PBXProject section */
		7E6133E61CEB55850099D545 /* Project object */ = {
			isa = PBXProject;
			attributes = {
				LastSwiftUpdateCheck = 0730;
				LastUpgradeCheck = 0730;
				ORGANIZATIONNAME = zhuangyan;
				TargetAttributes = {
					7E6133ED1CEB55850099D545 = {
						CreatedOnToolsVersion = 7.3.1;
						DevelopmentTeam = 7N34WM27J4;
					};
					7E6134011CEB55850099D545 = {
						CreatedOnToolsVersion = 7.3.1;
						DevelopmentTeam = 7N34WM27J4;
						TestTargetID = 7E6133ED1CEB55850099D545;
					};
					7E61340C1CEB55850099D545 = {
						CreatedOnToolsVersion = 7.3.1;
						DevelopmentTeam = 7N34WM27J4;
						TestTargetID = 7E6133ED1CEB55850099D545;
					};
				};
			};
			buildConfigurationList = 7E6133E91CEB55850099D545 /* Build configuration list for PBXProject "GPS2" */;
			compatibilityVersion = "Xcode 3.2";
			developmentRegion = English;
			hasScannedForEncodings = 0;
			knownRegions = (
				en,
				Base,
			);
			mainGroup = 7E6133E51CEB55850099D545;
			productRefGroup = 7E6133EF1CEB55850099D545 /* Products */;
			projectDirPath = "";
			projectRoot = "";
			targets = (
				7E6133ED1CEB55850099D545 /* GPS2 */,
				7E6134011CEB55850099D545 /* GPS2Tests */,
				7E61340C1CEB55850099D545 /* GPS2UITests */,
			);
		};
/* End PBXProject section */

/* Begin PBXResourcesBuildPhase section */
		7E6133EC1CEB55850099D545 /* Resources */ = {
			isa = PBXResourcesBuildPhase;
			buildActionMask = 2147483647;
			files = (
				7E6133FC1CEB55850099D545 /* LaunchScreen.storyboard in Resources */,
				7E6133F91CEB55850099D545 /* Assets.xcassets in Resources */,
				7E6133F71CEB55850099D545 /* Main.storyboard in Resources */,
			);
			runOnlyForDeploymentPostprocessing = 0;
		};
		7E6134001CEB55850099D545 /* Resources */ = {
			isa = PBXResourcesBuildPhase;
			buildActionMask = 2147483647;
			files = (
			);
			runOnlyForDeploymentPostprocessing = 0;
		};
		7E61340B1CEB55850099D545 /* Resources */ = {
			isa = PBXResourcesBuildPhase;
			buildActionMask = 2147483647;
			files = (
			);
			runOnlyForDeploymentPostprocessing = 0;
		};
/* End PBXResourcesBuildPhase section */

/* Begin PBXSourcesBuildPhase section */
		7E6133EA1CEB55850099D545 /* Sources */ = {
			isa = PBXSourcesBuildPhase;
			buildActionMask = 2147483647;
			files = (
				7E6133F41CEB55850099D545 /* ViewController.swift in Sources */,
				7E6133F21CEB55850099D545 /* AppDelegate.swift in Sources */,
			);
			runOnlyForDeploymentPostprocessing = 0;
		};
		7E6133FE1CEB55850099D545 /* Sources */ = {
			isa = PBXSourcesBuildPhase;
			buildActionMask = 2147483647;
			files = (
				7E6134071CEB55850099D545 /* GPS2Tests.swift in Sources */,
			);
			runOnlyForDeploymentPostprocessing = 0;
		};
		7E6134091CEB55850099D545 /* Sources */ = {
			isa = PBXSourcesBuildPhase;
			buildActionMask = 2147483647;
			files = (
				7E6134121CEB55850099D545 /* GPS2UITests.swift in Sources */,
			);
			runOnlyForDeploymentPostprocessing = 0;
		};
/* End PBXSourcesBuildPhase section */

/* Begin PBXTargetDependency section */
		7E6134041CEB55850099D545 /* PBXTargetDependency */ = {
			isa = PBXTargetDependency;
			target = 7E6133ED1CEB55850099D545 /* GPS2 */;
			targetProxy = 7E6134031CEB55850099D545 /* PBXContainerItemProxy */;
		};
		7E61340F1CEB55850099D545 /* PBXTargetDependency */ = {
			isa = PBXTargetDependency;
			target = 7E6133ED1CEB55850099D545 /* GPS2 */;
			targetProxy = 7E61340E1CEB55850099D545 /* PBXContainerItemProxy */;
		};
/* End PBXTargetDependency section */

/* Begin PBXVariantGroup section */
		7E6133F51CEB55850099D545 /* Main.storyboard */ = {
			isa = PBXVariantGroup;
			children = (
				7E6133F61CEB55850099D545 /* Base */,
			);
			name = Main.storyboard;
			sourceTree = "<group>";
		};
		7E6133FA1CEB55850099D545 /* LaunchScreen.storyboard */ = {
			isa = PBXVariantGroup;
			children = (
				7E6133FB1CEB55850099D545 /* Base */,
			);
			name = LaunchScreen.storyboard;
			sourceTree = "<group>";
		};
/* End PBXVariantGroup section */

/* Begin XCBuildConfiguration section */
		7E6134141CEB55850099D545 /* Debug */ = {
			isa = XCBuildConfiguration;
			buildSettings = {
				ALWAYS_SEARCH_USER_PATHS = NO;
				CLANG_ANALYZER_NONNULL = YES;
				CLANG_CXX_LANGUAGE_STANDARD = "gnu++0x";
				CLANG_CXX_LIBRARY = "libc++";
				CLANG_ENABLE_MODULES = YES;
				CLANG_ENABLE_OBJC_ARC = YES;
				CLANG_WARN_BOOL_CONVERSION = YES;
				CLANG_WARN_CONSTANT_CONVERSION = YES;
				CLANG_WARN_DIRECT_OBJC_ISA_USAGE = YES_ERROR;
				CLANG_WARN_EMPTY_BODY = YES;
				CLANG_WARN_ENUM_CONVERSION = YES;
				CLANG_WARN_INT_CONVERSION = YES;
				CLANG_WARN_OBJC_ROOT_CLASS = YES_ERROR;
				CLANG_WARN_UNREACHABLE_CODE = YES;
				CLANG_WARN__DUPLICATE_METHOD_MATCH = YES;
				"CODE_SIGN_IDENTITY[sdk=iphoneos*]" = "iPhone Developer";
				COPY_PHASE_STRIP = NO;
				DEBUG_INFORMATION_FORMAT = dwarf;
				ENABLE_STRICT_OBJC_MSGSEND = YES;
				ENABLE_TESTABILITY = YES;
				GCC_C_LANGUAGE_STANDARD = gnu99;
				GCC_DYNAMIC_NO_PIC = NO;
				GCC_NO_COMMON_BLOCKS = YES;
				GCC_OPTIMIZATION_LEVEL = 0;
				GCC_PREPROCESSOR_DEFINITIONS = (
					"DEBUG=1",
					"$(inherited)",
				);
				GCC_WARN_64_TO_32_BIT_CONVERSION = YES;
				GCC_WARN_ABOUT_RETURN_TYPE = YES_ERROR;
				GCC_WARN_UNDECLARED_SELECTOR = YES;
				GCC_WARN_UNINITIALIZED_AUTOS = YES_AGGRESSIVE;
				GCC_WARN_UNUSED_FUNCTION = YES;
				GCC_WARN_UNUSED_VARIABLE = YES;
				IPHONEOS_DEPLOYMENT_TARGET = 9.3;
				MTL_ENABLE_DEBUG_INFO = YES;
				ONLY_ACTIVE_ARCH = YES;
				SDKROOT = iphoneos;
				SWIFT_OPTIMIZATION_LEVEL = "-Onone";
				TARGETED_DEVICE_FAMILY = "1,2";
			};
			name = Debug;
		};
		7E6134151CEB55850099D545 /* Release */ = {
			isa = XCBuildConfiguration;
			buildSettings = {
				ALWAYS_SEARCH_USER_PATHS = NO;
				CLANG_ANALYZER_NONNULL = YES;
				CLANG_CXX_LANGUAGE_STANDARD = "gnu++0x";
				CLANG_CXX_LIBRARY = "libc++";
				CLANG_ENABLE_MODULES = YES;
				CLANG_ENABLE_OBJC_ARC = YES;
				CLANG_WARN_BOOL_CONVERSION = YES;
				CLANG_WARN_CONSTANT_CONVERSION = YES;
				CLANG_WARN_DIRECT_OBJC_ISA_USAGE = YES_ERROR;
				CLANG_WARN_EMPTY_BODY = YES;
				CLANG_WARN_ENUM_CONVERSION = YES;
				CLANG_WARN_INT_CONVERSION = YES;
				CLANG_WARN_OBJC_ROOT_CLASS = YES_ERROR;
				CLANG_WARN_UNREACHABLE_CODE = YES;
				CLANG_WARN__DUPLICATE_METHOD_MATCH = YES;
				"CODE_SIGN_IDENTITY[sdk=iphoneos*]" = "iPhone Developer";
				COPY_PHASE_STRIP = NO;
				DEBUG_INFORMATION_FORMAT = "dwarf-with-dsym";
				ENABLE_NS_ASSERTIONS = NO;
				ENABLE_STRICT_OBJC_MSGSEND = YES;
				GCC_C_LANGUAGE_STANDARD = gnu99;
				GCC_NO_COMMON_BLOCKS = YES;
				GCC_WARN_64_TO_32_BIT_CONVERSION = YES;
				GCC_WARN_ABOUT_RETURN_TYPE = YES_ERROR;
				GCC_WARN_UNDECLARED_SELECTOR = YES;
				GCC_WARN_UNINITIALIZED_AUTOS = YES_AGGRESSIVE;
				GCC_WARN_UNUSED_FUNCTION = YES;
				GCC_WARN_UNUSED_VARIABLE = YES;
				IPHONEOS_DEPLOYMENT_TARGET = 9.3;
				MTL_ENABLE_DEBUG_INFO = NO;
				SDKROOT = iphoneos;
				TARGETED_DEVICE_FAMILY = "1,2";
				VALIDATE_PRODUCT = YES;
			};
			name = Release;
		};
		7E6134171CEB55850099D545 /* Debug */ = {
			isa = XCBuildConfiguration;
			buildSettings = {
				ASSETCATALOG_COMPILER_APPICON_NAME = AppIcon;
				INFOPLIST_FILE = GPS2/Info.plist;
				LD_RUNPATH_SEARCH_PATHS = "$(inherited) @executable_path/Frameworks";
				PRODUCT_BUNDLE_IDENTIFIER = zhuangyan.GPS2;
				PRODUCT_NAME = "$(TARGET_NAME)";
			};
			name = Debug;
		};
		7E6134181CEB55850099D545 /* Release */ = {
			isa = XCBuildConfiguration;
			buildSettings = {
				ASSETCATALOG_COMPILER_APPICON_NAME = AppIcon;
				INFOPLIST_FILE = GPS2/Info.plist;
				LD_RUNPATH_SEARCH_PATHS = "$(inherited) @executable_path/Frameworks";
				PRODUCT_BUNDLE_IDENTIFIER = zhuangyan.GPS2;
				PRODUCT_NAME = "$(TARGET_NAME)";
			};
			name = Release;
		};
		7E61341A1CEB55850099D545 /* Debug */ = {
			isa = XCBuildConfiguration;
			buildSettings = {
				BUNDLE_LOADER = "$(TEST_HOST)";
				INFOPLIST_FILE = GPS2Tests/Info.plist;
				LD_RUNPATH_SEARCH_PATHS = "$(inherited) @executable_path/Frameworks @loader_path/Frameworks";
				PRODUCT_BUNDLE_IDENTIFIER = zhuangyan.GPS2Tests;
				PRODUCT_NAME = "$(TARGET_NAME)";
				TEST_HOST = "$(BUILT_PRODUCTS_DIR)/GPS2.app/GPS2";
			};
			name = Debug;
		};
		7E61341B1CEB55850099D545 /* Release */ = {
			isa = XCBuildConfiguration;
			buildSettings = {
				BUNDLE_LOADER = "$(TEST_HOST)";
				INFOPLIST_FILE = GPS2Tests/Info.plist;
				LD_RUNPATH_SEARCH_PATHS = "$(inherited) @executable_path/Frameworks @loader_path/Frameworks";
				PRODUCT_BUNDLE_IDENTIFIER = zhuangyan.GPS2Tests;
				PRODUCT_NAME = "$(TARGET_NAME)";
				TEST_HOST = "$(BUILT_PRODUCTS_DIR)/GPS2.app/GPS2";
			};
			name = Release;
		};
		7E61341D1CEB55850099D545 /* Debug */ = {
			isa = XCBuildConfiguration;
			buildSettings = {
				INFOPLIST_FILE = GPS2UITests/Info.plist;
				LD_RUNPATH_SEARCH_PATHS = "$(inherited) @executable_path/Frameworks @loader_path/Frameworks";
				PRODUCT_BUNDLE_IDENTIFIER = zhuangyan.GPS2UITests;
				PRODUCT_NAME = "$(TARGET_NAME)";
				TEST_TARGET_NAME = GPS2;
			};
			name = Debug;
		};
		7E61341E1CEB55850099D545 /* Release */ = {
			isa = XCBuildConfiguration;
			buildSettings = {
				INFOPLIST_FILE = GPS2UITests/Info.plist;
				LD_RUNPATH_SEARCH_PATHS = "$(inherited) @executable_path/Frameworks @loader_path/Frameworks";
				PRODUCT_BUNDLE_IDENTIFIER = zhuangyan.GPS2UITests;
				PRODUCT_NAME = "$(TARGET_NAME)";
				TEST_TARGET_NAME = GPS2;
			};
			name = Release;
		};
/* End XCBuildConfiguration section */

/* Begin XCConfigurationList section */
		7E6133E91CEB55850099D545 /* Build configuration list for PBXProject "GPS2" */ = {
			isa = XCConfigurationList;
			buildConfigurations = (
				7E6134141CEB55850099D545 /* Debug */,
				7E6134151CEB55850099D545 /* Release */,
			);
			defaultConfigurationIsVisible = 0;
			defaultConfigurationName = Release;
		};
		7E6134161CEB55850099D545 /* Build configuration list for PBXNativeTarget "GPS2" */ = {
			isa = XCConfigurationList;
			buildConfigurations = (
				7E6134171CEB55850099D545 /* Debug */,
				7E6134181CEB55850099D545 /* Release */,
			);
			defaultConfigurationIsVisible = 0;
			defaultConfigurationName = Release;
		};
		7E6134191CEB55850099D545 /* Build configuration list for PBXNativeTarget "GPS2Tests" */ = {
			isa = XCConfigurationList;
			buildConfigurations = (
				7E61341A1CEB55850099D545 /* Debug */,
				7E61341B1CEB55850099D545 /* Release */,
			);
			defaultConfigurationIsVisible = 0;
			defaultConfigurationName = Release;
		};
		7E61341C1CEB55850099D545 /* Build configuration list for PBXNativeTarget "GPS2UITests" */ = {
			isa = XCConfigurationList;
			buildConfigurations = (
				7E61341D1CEB55850099D545 /* Debug */,
				7E61341E1CEB55850099D545 /* Release */,
			);
			defaultConfigurationIsVisible = 0;
			defaultConfigurationName = Release;
		};
/* End XCConfigurationList section */
	};
	rootObject = 7E6133E61CEB55850099D545 /* Project object */;
}
